
Microsoft Visual Studio Solution File, Format Version 12.00
# Visual Studio Version 17
VisualStudioVersion = 17.0.31912.275
MinimumVisualStudioVersion = 10.0.40219.1
Project("{FAE04EC0-301F-11D3-BF4B-00C04F79EFBC}") = "RP_FABRICA", "RP_FABRICA\RP_FABRICA.csproj", "{2BA631B0-67BC-42C9-8420-3E82622000B9}"
EndProject
Global
	GlobalSection(SolutionConfigurationPlatforms) = preSolution
		Debug|Any CPU = Debug|Any CPU
		Release|Any CPU = Release|Any CPU
	EndGlobalSection
	GlobalSection(ProjectConfigurationPlatforms) = postSolution
		{2BA631B0-67BC-42C9-8420-3E82622000B9}.Debug|Any CPU.ActiveCfg = Debug|Any CPU
		{2BA631B0-67BC-42C9-8420-3E82622000B9}.Debug|Any CPU.Build.0 = Debug|Any CPU
		{2BA631B0-67BC-42C9-8420-3E82622000B9}.Release|Any CPU.ActiveCfg = Release|Any CPU
		{2BA631B0-67BC-42C9-8420-3E82622000B9}.Release|Any CPU.Build.0 = Release|Any CPU
	EndGlobalSection
	GlobalSection(SolutionProperties) = preSolution
		HideSolutionNode = FALSE
	EndGlobalSection
	GlobalSection(ExtensibilityGlobals) = postSolution
		SolutionGuid = {6647B4ED-CA71-4F3C-BDFD-27AD0102C613}
	EndGlobalSection
EndGlobal
